
Microsoft Visual Studio Solution File, Format Version 12.00
# Visual Studio 2013
VisualStudioVersion = 12.0.30723.0
MinimumVisualStudioVersion = 10.0.40219.1
Project("{8BC9CEB8-8B4A-11D0-8D11-00A0C91BC942}") = "JitTest", "JitTest.vcxproj", "{0B2F9AA3-F525-4042-B8C9-74F8B10F9D62}"
EndProject
Global
	GlobalSection(SolutionConfigurationPlatforms) = preSolution
		Debug|Win32 = Debug|Win32
		Debug|x64 = Debug|x64
		Release|Win32 = Release|Win32
		Release|x64 = Release|x64
	EndGlobalSection
	GlobalSection(ProjectConfigurationPlatforms) = postSolution
		{0B2F9AA3-F525-4042-B8C9-74F8B10F9D62}.Debug|Win32.ActiveCfg = Debug|Win32
		{0B2F9AA3-F525-4042-B8C9-74F8B10F9D62}.Debug|Win32.Build.0 = Debug|Win32
		{0B2F9AA3-F525-4042-B8C9-74F8B10F9D62}.Debug|x64.ActiveCfg = Debug|x64
		{0B2F9AA3-F525-4042-B8C9-74F8B10F9D62}.Debug|x64.Build.0 = Debug|x64
		{0B2F9AA3-F525-4042-B8C9-74F8B10F9D62}.Release|Win32.ActiveCfg = Release|Win32
		{0B2F9AA3-F525-4042-B8C9-74F8B10F9D62}.Release|Win32.Build.0 = Release|Win32
		{0B2F9AA3-F525-4042-B8C9-74F8B10F9D62}.Release|x64.ActiveCfg = Release|x64
		{0B2F9AA3-F525-4042-B8C9-74F8B10F9D62}.Release|x64.Build.0 = Release|x64
	EndGlobalSection
	GlobalSection(SolutionProperties) = preSolution
		HideSolutionNode = FALSE
	EndGlobalSection
EndGlobal
